// !$*UTF8*$!
{
	archiveVersion = 1;
	classes = {
	};
	objectVersion = 46;
	objects = {

/* Begin PBXBuildFile section */
		08D975E3A31C536BC848EAD8 /* libPods-FHGoogleiOSClient.a in Frameworks */ = {isa = PBXBuildFile; fileRef = CA80BBADAAE168112AE79D70 /* libPods-FHGoogleiOSClient.a */; };
		0970AA891EC99A3200404D54 /* main.m in Sources */ = {isa = PBXBuildFile; fileRef = 0970AA881EC99A3200404D54 /* main.m */; };
		0970AA8C1EC99A3200404D54 /* AppDelegate.m in Sources */ = {isa = PBXBuildFile; fileRef = 0970AA8B1EC99A3200404D54 /* AppDelegate.m */; };
		0970AA8F1EC99A3200404D54 /* ViewController.m in Sources */ = {isa = PBXBuildFile; fileRef = 0970AA8E1EC99A3200404D54 /* ViewController.m */; };
		0970AA921EC99A3200404D54 /* Main.storyboard in Resources */ = {isa = PBXBuildFile; fileRef = 0970AA901EC99A3200404D54 /* Main.storyboard */; };
		0970AA941EC99A3200404D54 /* Assets.xcassets in Resources */ = {isa = PBXBuildFile; fileRef = 0970AA931EC99A3200404D54 /* Assets.xcassets */; };
		0970AA971EC99A3200404D54 /* LaunchScreen.storyboard in Resources */ = {isa = PBXBuildFile; fileRef = 0970AA951EC99A3200404D54 /* LaunchScreen.storyboard */; };
		0970AAA21EC99A3200404D54 /* FHGoogleiOSClientTests.m in Sources */ = {isa = PBXBuildFile; fileRef = 0970AAA11EC99A3200404D54 /* FHGoogleiOSClientTests.m */; };
		0970AAAD1EC99A3200404D54 /* FHGoogleiOSClientUITests.m in Sources */ = {isa = PBXBuildFile; fileRef = 0970AAAC1EC99A3200404D54 /* FHGoogleiOSClientUITests.m */; };
		0970AACA1EC9A36C00404D54 /* GoogleService-Info.plist in Resources */ = {isa = PBXBuildFile; fileRef = 0970AAC91EC9A36C00404D54 /* GoogleService-Info.plist */; };
		0970AAE61ECAC1E600404D54 /* FHGoogleLoginViewController.m in Sources */ = {isa = PBXBuildFile; fileRef = 0970AAE51ECAC1E600404D54 /* FHGoogleLoginViewController.m */; };
		9AD2F9DF47F1BDF2EBC4DAAB /* libPods-FHGoogleiOSClientTests.a in Frameworks */ = {isa = PBXBuildFile; fileRef = 82579A5842F54CDC188F4A9A /* libPods-FHGoogleiOSClientTests.a */; };
		E7AF538094EBC102543EDB9D /* libPods-FHGoogleiOSClientUITests.a in Frameworks */ = {isa = PBXBuildFile; fileRef = AD02274A93607A8FA9159C4B /* libPods-FHGoogleiOSClientUITests.a */; };
/* End PBXBuildFile section */

/* Begin PBXContainerItemProxy section */
		0970AA9E1EC99A3200404D54 /* PBXContainerItemProxy */ = {
			isa = PBXContainerItemProxy;
			containerPortal = 0970AA7C1EC99A3200404D54 /* Project object */;
			proxyType = 1;
			remoteGlobalIDString = 0970AA831EC99A3200404D54;
			remoteInfo = FHGoogleiOSClient;
		};
		0970AAA91EC99A3200404D54 /* PBXContainerItemProxy */ = {
			isa = PBXContainerItemProxy;
			containerPortal = 0970AA7C1EC99A3200404D54 /* Project object */;
			proxyType = 1;
			remoteGlobalIDString = 0970AA831EC99A3200404D54;
			remoteInfo = FHGoogleiOSClient;
		};
/* End PBXContainerItemProxy section */

/* Begin PBXFileReference section */
		0970AA841EC99A3200404D54 /* FHGoogleiOSClient.app */ = {isa = PBXFileReference; explicitFileType = wrapper.application; includeInIndex = 0; path = FHGoogleiOSClient.app; sourceTree = BUILT_PRODUCTS_DIR; };
		0970AA881EC99A3200404D54 /* main.m */ = {isa = PBXFileReference; lastKnownFileType = sourcecode.c.objc; path = main.m; sourceTree = "<group>"; };
		0970AA8A1EC99A3200404D54 /* AppDelegate.h */ = {isa = PBXFileReference; lastKnownFileType = sourcecode.c.h; path = AppDelegate.h; sourceTree = "<group>"; };
		0970AA8B1EC99A3200404D54 /* AppDelegate.m */ = {isa = PBXFileReference; lastKnownFileType = sourcecode.c.objc; path = AppDelegate.m; sourceTree = "<group>"; };
		0970AA8D1EC99A3200404D54 /* ViewController.h */ = {isa = PBXFileReference; lastKnownFileType = sourcecode.c.h; path = ViewController.h; sourceTree = "<group>"; };
		0970AA8E1EC99A3200404D54 /* ViewController.m */ = {isa = PBXFileReference; lastKnownFileType = sourcecode.c.objc; path = ViewController.m; sourceTree = "<group>"; };
		0970AA911EC99A3200404D54 /* Base */ = {isa = PBXFileReference; lastKnownFileType = file.storyboard; name = Base; path = Base.lproj/Main.storyboard; sourceTree = "<group>"; };
		0970AA931EC99A3200404D54 /* Assets.xcassets */ = {isa = PBXFileReference; lastKnownFileType = folder.assetcatalog; path = Assets.xcassets; sourceTree = "<group>"; };
		0970AA961EC99A3200404D54 /* Base */ = {isa = PBXFileReference; lastKnownFileType = file.storyboard; name = Base; path = Base.lproj/LaunchScreen.storyboard; sourceTree = "<group>"; };
		0970AA981EC99A3200404D54 /* Info.plist */ = {isa = PBXFileReference; lastKnownFileType = text.plist.xml; path = Info.plist; sourceTree = "<group>"; };
		0970AA9D1EC99A3200404D54 /* FHGoogleiOSClientTests.xctest */ = {isa = PBXFileReference; explicitFileType = wrapper.cfbundle; includeInIndex = 0; path = FHGoogleiOSClientTests.xctest; sourceTree = BUILT_PRODUCTS_DIR; };
		0970AAA11EC99A3200404D54 /* FHGoogleiOSClientTests.m */ = {isa = PBXFileReference; lastKnownFileType = sourcecode.c.objc; path = FHGoogleiOSClientTests.m; sourceTree = "<group>"; };
		0970AAA31EC99A3200404D54 /* Info.plist */ = {isa = PBXFileReference; lastKnownFileType = text.plist.xml; path = Info.plist; sourceTree = "<group>"; };
		0970AAA81EC99A3200404D54 /* FHGoogleiOSClientUITests.xctest */ = {isa = PBXFileReference; explicitFileType = wrapper.cfbundle; includeInIndex = 0; path = FHGoogleiOSClientUITests.xctest; sourceTree = BUILT_PRODUCTS_DIR; };
		0970AAAC1EC99A3200404D54 /* FHGoogleiOSClientUITests.m */ = {isa = PBXFileReference; lastKnownFileType = sourcecode.c.objc; path = FHGoogleiOSClientUITests.m; sourceTree = "<group>"; };
		0970AAAE1EC99A3200404D54 /* Info.plist */ = {isa = PBXFileReference; lastKnownFileType = text.plist.xml; path = Info.plist; sourceTree = "<group>"; };
		0970AAC91EC9A36C00404D54 /* GoogleService-Info.plist */ = {isa = PBXFileReference; fileEncoding = 4; lastKnownFileType = text.plist.xml; path = "GoogleService-Info.plist"; sourceTree = "<group>"; };
		0970AAE41ECAC1E600404D54 /* FHGoogleLoginViewController.h */ = {isa = PBXFileReference; fileEncoding = 4; lastKnownFileType = sourcecode.c.h; path = FHGoogleLoginViewController.h; sourceTree = "<group>"; };
		0970AAE51ECAC1E600404D54 /* FHGoogleLoginViewController.m */ = {isa = PBXFileReference; fileEncoding = 4; lastKnownFileType = sourcecode.c.objc; path = FHGoogleLoginViewController.m; sourceTree = "<group>"; };
		126C4E086F90EF2CB1134473 /* Pods-FHGoogleiOSClientUITests.debug.xcconfig */ = {isa = PBXFileReference; includeInIndex = 1; lastKnownFileType = text.xcconfig; name = "Pods-FHGoogleiOSClientUITests.debug.xcconfig"; path = "Pods/Target Support Files/Pods-FHGoogleiOSClientUITests/Pods-FHGoogleiOSClientUITests.debug.xcconfig"; sourceTree = "<group>"; };
		591C9CB66F571DE2A271A3A5 /* Pods-FHGoogleiOSClientTests.debug.xcconfig */ = {isa = PBXFileReference; includeInIndex = 1; lastKnownFileType = text.xcconfig; name = "Pods-FHGoogleiOSClientTests.debug.xcconfig"; path = "Pods/Target Support Files/Pods-FHGoogleiOSClientTests/Pods-FHGoogleiOSClientTests.debug.xcconfig"; sourceTree = "<group>"; };
		6C75F5713A74BDD9D01A78F0 /* Pods-FHGoogleiOSClientTests.release.xcconfig */ = {isa = PBXFileReference; includeInIndex = 1; lastKnownFileType = text.xcconfig; name = "Pods-FHGoogleiOSClientTests.release.xcconfig"; path = "Pods/Target Support Files/Pods-FHGoogleiOSClientTests/Pods-FHGoogleiOSClientTests.release.xcconfig"; sourceTree = "<group>"; };
		82579A5842F54CDC188F4A9A /* libPods-FHGoogleiOSClientTests.a */ = {isa = PBXFileReference; explicitFileType = archive.ar; includeInIndex = 0; path = "libPods-FHGoogleiOSClientTests.a"; sourceTree = BUILT_PRODUCTS_DIR; };
		AD02274A93607A8FA9159C4B /* libPods-FHGoogleiOSClientUITests.a */ = {isa = PBXFileReference; explicitFileType = archive.ar; includeInIndex = 0; path = "libPods-FHGoogleiOSClientUITests.a"; sourceTree = BUILT_PRODUCTS_DIR; };
		CA80BBADAAE168112AE79D70 /* libPods-FHGoogleiOSClient.a */ = {isa = PBXFileReference; explicitFileType = archive.ar; includeInIndex = 0; path = "libPods-FHGoogleiOSClient.a"; sourceTree = BUILT_PRODUCTS_DIR; };
		EEDB9EE81330FBEE553AF762 /* Pods-FHGoogleiOSClientUITests.release.xcconfig */ = {isa = PBXFileReference; includeInIndex = 1; lastKnownFileType = text.xcconfig; name = "Pods-FHGoogleiOSClientUITests.release.xcconfig"; path = "Pods/Target Support Files/Pods-FHGoogleiOSClientUITests/Pods-FHGoogleiOSClientUITests.release.xcconfig"; sourceTree = "<group>"; };
		EF19F5455AEE7E3EA6308703 /* Pods-FHGoogleiOSClient.debug.xcconfig */ = {isa = PBXFileReference; includeInIndex = 1; lastKnownFileType = text.xcconfig; name = "Pods-FHGoogleiOSClient.debug.xcconfig"; path = "Pods/Target Support Files/Pods-FHGoogleiOSClient/Pods-FHGoogleiOSClient.debug.xcconfig"; sourceTree = "<group>"; };
		F9C7ED79369C039E9B9A84A8 /* Pods-FHGoogleiOSClient.release.xcconfig */ = {isa = PBXFileReference; includeInIndex = 1; lastKnownFileType = text.xcconfig; name = "Pods-FHGoogleiOSClient.release.xcconfig"; path = "Pods/Target Support Files/Pods-FHGoogleiOSClient/Pods-FHGoogleiOSClient.release.xcconfig"; sourceTree = "<group>"; };
/* End PBXFileReference section */

/* Begin PBXFrameworksBuildPhase section */
		0970AA811EC99A3200404D54 /* Frameworks */ = {
			isa = PBXFrameworksBuildPhase;
			buildActionMask = 2147483647;
			files = (
				08D975E3A31C536BC848EAD8 /* libPods-FHGoogleiOSClient.a in Frameworks */,
			);
			runOnlyForDeploymentPostprocessing = 0;
		};
		0970AA9A1EC99A3200404D54 /* Frameworks */ = {
			isa = PBXFrameworksBuildPhase;
			buildActionMask = 2147483647;
			files = (
				9AD2F9DF47F1BDF2EBC4DAAB /* libPods-FHGoogleiOSClientTests.a in Frameworks */,
			);
			runOnlyForDeploymentPostprocessing = 0;
		};
		0970AAA51EC99A3200404D54 /* Frameworks */ = {
			isa = PBXFrameworksBuildPhase;
			buildActionMask = 2147483647;
			files = (
				E7AF538094EBC102543EDB9D /* libPods-FHGoogleiOSClientUITests.a in Frameworks */,
			);
			runOnlyForDeploymentPostprocessing = 0;
		};
/* End PBXFrameworksBuildPhase section */

/* Begin PBXGroup section */
		0970AA7B1EC99A3200404D54 = {
			isa = PBXGroup;
			children = (
				0970AA861EC99A3200404D54 /* FHGoogleiOSClient */,
				0970AAA01EC99A3200404D54 /* FHGoogleiOSClientTests */,
				0970AAAB1EC99A3200404D54 /* FHGoogleiOSClientUITests */,
				0970AA851EC99A3200404D54 /* Products */,
				0E3A128FC90B8D0CAD5C3A66 /* Pods */,
				86AB3BBD723CF3636E65FC10 /* Frameworks */,
			);
			sourceTree = "<group>";
		};
		0970AA851EC99A3200404D54 /* Products */ = {
			isa = PBXGroup;
			children = (
				0970AA841EC99A3200404D54 /* FHGoogleiOSClient.app */,
				0970AA9D1EC99A3200404D54 /* FHGoogleiOSClientTests.xctest */,
				0970AAA81EC99A3200404D54 /* FHGoogleiOSClientUITests.xctest */,
			);
			name = Products;
			sourceTree = "<group>";
		};
		0970AA861EC99A3200404D54 /* FHGoogleiOSClient */ = {
			isa = PBXGroup;
			children = (
				0970AA8A1EC99A3200404D54 /* AppDelegate.h */,
				0970AA8B1EC99A3200404D54 /* AppDelegate.m */,
				0970AA8D1EC99A3200404D54 /* ViewController.h */,
				0970AA8E1EC99A3200404D54 /* ViewController.m */,
				0970AAE41ECAC1E600404D54 /* FHGoogleLoginViewController.h */,
				0970AAE51ECAC1E600404D54 /* FHGoogleLoginViewController.m */,
				0970AA901EC99A3200404D54 /* Main.storyboard */,
				0970AA931EC99A3200404D54 /* Assets.xcassets */,
				0970AA951EC99A3200404D54 /* LaunchScreen.storyboard */,
				0970AA981EC99A3200404D54 /* Info.plist */,
				0970AA871EC99A3200404D54 /* Supporting Files */,
			);
			path = FHGoogleiOSClient;
			sourceTree = "<group>";
		};
		0970AA871EC99A3200404D54 /* Supporting Files */ = {
			isa = PBXGroup;
			children = (
				0970AAC91EC9A36C00404D54 /* GoogleService-Info.plist */,
				0970AA881EC99A3200404D54 /* main.m */,
			);
			name = "Supporting Files";
			sourceTree = "<group>";
		};
		0970AAA01EC99A3200404D54 /* FHGoogleiOSClientTests */ = {
			isa = PBXGroup;
			children = (
				0970AAA11EC99A3200404D54 /* FHGoogleiOSClientTests.m */,
				0970AAA31EC99A3200404D54 /* Info.plist */,
			);
			path = FHGoogleiOSClientTests;
			sourceTree = "<group>";
		};
		0970AAAB1EC99A3200404D54 /* FHGoogleiOSClientUITests */ = {
			isa = PBXGroup;
			children = (
				0970AAAC1EC99A3200404D54 /* FHGoogleiOSClientUITests.m */,
				0970AAAE1EC99A3200404D54 /* Info.plist */,
			);
			path = FHGoogleiOSClientUITests;
			sourceTree = "<group>";
		};
		0E3A128FC90B8D0CAD5C3A66 /* Pods */ = {
			isa = PBXGroup;
			children = (
				EF19F5455AEE7E3EA6308703 /* Pods-FHGoogleiOSClient.debug.xcconfig */,
				F9C7ED79369C039E9B9A84A8 /* Pods-FHGoogleiOSClient.release.xcconfig */,
				591C9CB66F571DE2A271A3A5 /* Pods-FHGoogleiOSClientTests.debug.xcconfig */,
				6C75F5713A74BDD9D01A78F0 /* Pods-FHGoogleiOSClientTests.release.xcconfig */,
				126C4E086F90EF2CB1134473 /* Pods-FHGoogleiOSClientUITests.debug.xcconfig */,
				EEDB9EE81330FBEE553AF762 /* Pods-FHGoogleiOSClientUITests.release.xcconfig */,
			);
			name = Pods;
			sourceTree = "<group>";
		};
		86AB3BBD723CF3636E65FC10 /* Frameworks */ = {
			isa = PBXGroup;
			children = (
				CA80BBADAAE168112AE79D70 /* libPods-FHGoogleiOSClient.a */,
				82579A5842F54CDC188F4A9A /* libPods-FHGoogleiOSClientTests.a */,
				AD02274A93607A8FA9159C4B /* libPods-FHGoogleiOSClientUITests.a */,
			);
			name = Frameworks;
			sourceTree = "<group>";
		};
/* End PBXGroup section */

/* Begin PBXNativeTarget section */
		0970AA831EC99A3200404D54 /* FHGoogleiOSClient */ = {
			isa = PBXNativeTarget;
			buildConfigurationList = 0970AAB11EC99A3200404D54 /* Build configuration list for PBXNativeTarget "FHGoogleiOSClient" */;
			buildPhases = (
				AE133D3533A74913010A5AD4 /* [CP] Check Pods Manifest.lock */,
				0970AA801EC99A3200404D54 /* Sources */,
				0970AA811EC99A3200404D54 /* Frameworks */,
				0970AA821EC99A3200404D54 /* Resources */,
				ED4F1A42B839C9A679A1C7D5 /* [CP] Embed Pods Frameworks */,
				FD6EBA5FD4D9114D97DB2D58 /* [CP] Copy Pods Resources */,
			);
			buildRules = (
			);
			dependencies = (
			);
			name = FHGoogleiOSClient;
			productName = FHGoogleiOSClient;
			productReference = 0970AA841EC99A3200404D54 /* FHGoogleiOSClient.app */;
			productType = "com.apple.product-type.application";
		};
		0970AA9C1EC99A3200404D54 /* FHGoogleiOSClientTests */ = {
			isa = PBXNativeTarget;
			buildConfigurationList = 0970AAB41EC99A3200404D54 /* Build configuration list for PBXNativeTarget "FHGoogleiOSClientTests" */;
			buildPhases = (
				E71CA6129A6AEA15AF1EB924 /* [CP] Check Pods Manifest.lock */,
				0970AA991EC99A3200404D54 /* Sources */,
				0970AA9A1EC99A3200404D54 /* Frameworks */,
				0970AA9B1EC99A3200404D54 /* Resources */,
				7DD8A1878607FC3422310664 /* [CP] Embed Pods Frameworks */,
				36801AC4623F073116050766 /* [CP] Copy Pods Resources */,
			);
			buildRules = (
			);
			dependencies = (
				0970AA9F1EC99A3200404D54 /* PBXTargetDependency */,
			);
			name = FHGoogleiOSClientTests;
			productName = FHGoogleiOSClientTests;
			productReference = 0970AA9D1EC99A3200404D54 /* FHGoogleiOSClientTests.xctest */;
			productType = "com.apple.product-type.bundle.unit-test";
		};
		0970AAA71EC99A3200404D54 /* FHGoogleiOSClientUITests */ = {
			isa = PBXNativeTarget;
			buildConfigurationList = 0970AAB71EC99A3200404D54 /* Build configuration list for PBXNativeTarget "FHGoogleiOSClientUITests" */;
			buildPhases = (
				7288AEACB5B4DE74BB67E25E /* [CP] Check Pods Manifest.lock */,
				0970AAA41EC99A3200404D54 /* Sources */,
				0970AAA51EC99A3200404D54 /* Frameworks */,
				0970AAA61EC99A3200404D54 /* Resources */,
				F83E47C0619921932BEA752B /* [CP] Embed Pods Frameworks */,
				E59B8D094D4F51161DE40A6B /* [CP] Copy Pods Resources */,
			);
			buildRules = (
			);
			dependencies = (
				0970AAAA1EC99A3200404D54 /* PBXTargetDependency */,
			);
			name = FHGoogleiOSClientUITests;
			productName = FHGoogleiOSClientUITests;
			productReference = 0970AAA81EC99A3200404D54 /* FHGoogleiOSClientUITests.xctest */;
			productType = "com.apple.product-type.bundle.ui-testing";
		};
/* End PBXNativeTarget section */

/* Begin PBXProject section */
		0970AA7C1EC99A3200404D54 /* Project object */ = {
			isa = PBXProject;
			attributes = {
				LastUpgradeCheck = 0830;
				ORGANIZATIONNAME = MADAO;
				TargetAttributes = {
					0970AA831EC99A3200404D54 = {
						CreatedOnToolsVersion = 8.3;
						DevelopmentTeam = H3MEX3W3VV;
						ProvisioningStyle = Automatic;
					};
					0970AA9C1EC99A3200404D54 = {
						CreatedOnToolsVersion = 8.3;
						DevelopmentTeam = H3MEX3W3VV;
						ProvisioningStyle = Automatic;
						TestTargetID = 0970AA831EC99A3200404D54;
					};
					0970AAA71EC99A3200404D54 = {
						CreatedOnToolsVersion = 8.3;
						DevelopmentTeam = H3MEX3W3VV;
						ProvisioningStyle = Automatic;
						TestTargetID = 0970AA831EC99A3200404D54;
					};
				};
			};
			buildConfigurationList = 0970AA7F1EC99A3200404D54 /* Build configuration list for PBXProject "FHGoogleiOSClient" */;
			compatibilityVersion = "Xcode 3.2";
			developmentRegion = English;
			hasScannedForEncodings = 0;
			knownRegions = (
				en,
				Base,
			);
			mainGroup = 0970AA7B1EC99A3200404D54;
			productRefGroup = 0970AA851EC99A3200404D54 /* Products */;
			projectDirPath = "";
			projectRoot = "";
			targets = (
				0970AA831EC99A3200404D54 /* FHGoogleiOSClient */,
				0970AA9C1EC99A3200404D54 /* FHGoogleiOSClientTests */,
				0970AAA71EC99A3200404D54 /* FHGoogleiOSClientUITests */,
			);
		};
/* End PBXProject section */

/* Begin PBXResourcesBuildPhase section */
		0970AA821EC99A3200404D54 /* Resources */ = {
			isa = PBXResourcesBuildPhase;
			buildActionMask = 2147483647;
			files = (
				0970AA971EC99A3200404D54 /* LaunchScreen.storyboard in Resources */,
				0970AACA1EC9A36C00404D54 /* GoogleService-Info.plist in Resources */,
				0970AA941EC99A3200404D54 /* Assets.xcassets in Resources */,
				0970AA921EC99A3200404D54 /* Main.storyboard in Resources */,
			);
			runOnlyForDeploymentPostprocessing = 0;
		};
		0970AA9B1EC99A3200404D54 /* Resources */ = {
			isa = PBXResourcesBuildPhase;
			buildActionMask = 2147483647;
			files = (
			);
			runOnlyForDeploymentPostprocessing = 0;
		};
		0970AAA61EC99A3200404D54 /* Resources */ = {
			isa = PBXResourcesBuildPhase;
			buildActionMask = 2147483647;
			files = (
			);
			runOnlyForDeploymentPostprocessing = 0;
		};
/* End PBXResourcesBuildPhase section */

/* Begin PBXShellScriptBuildPhase section */
		36801AC4623F073116050766 /* [CP] Copy Pods Resources */ = {
			isa = PBXShellScriptBuildPhase;
			buildActionMask = 2147483647;
			files = (
			);
			inputPaths = (
			);
			name = "[CP] Copy Pods Resources";
			outputPaths = (
			);
			runOnlyForDeploymentPostprocessing = 0;
			shellPath = /bin/sh;
			shellScript = "\"${SRCROOT}/Pods/Target Support Files/Pods-FHGoogleiOSClientTests/Pods-FHGoogleiOSClientTests-resources.sh\"\n";
			showEnvVarsInLog = 0;
		};
		7288AEACB5B4DE74BB67E25E /* [CP] Check Pods Manifest.lock */ = {
			isa = PBXShellScriptBuildPhase;
			buildActionMask = 2147483647;
			files = (
			);
			inputPaths = (
			);
			name = "[CP] Check Pods Manifest.lock";
			outputPaths = (
			);
			runOnlyForDeploymentPostprocessing = 0;
			shellPath = /bin/sh;
			shellScript = "diff \"${PODS_ROOT}/../Podfile.lock\" \"${PODS_ROOT}/Manifest.lock\" > /dev/null\nif [ $? != 0 ] ; then\n    # print error to STDERR\n    echo \"error: The sandbox is not in sync with the Podfile.lock. Run 'pod install' or update your CocoaPods installation.\" >&2\n    exit 1\nfi\n";
			showEnvVarsInLog = 0;
		};
		7DD8A1878607FC3422310664 /* [CP] Embed Pods Frameworks */ = {
			isa = PBXShellScriptBuildPhase;
			buildActionMask = 2147483647;
			files = (
			);
			inputPaths = (
			);
			name = "[CP] Embed Pods Frameworks";
			outputPaths = (
			);
			runOnlyForDeploymentPostprocessing = 0;
			shellPath = /bin/sh;
			shellScript = "\"${SRCROOT}/Pods/Target Support Files/Pods-FHGoogleiOSClientTests/Pods-FHGoogleiOSClientTests-frameworks.sh\"\n";
			showEnvVarsInLog = 0;
		};
		AE133D3533A74913010A5AD4 /* [CP] Check Pods Manifest.lock */ = {
			isa = PBXShellScriptBuildPhase;
			buildActionMask = 2147483647;
			files = (
			);
			inputPaths = (
			);
			name = "[CP] Check Pods Manifest.lock";
			outputPaths = (
			);
			runOnlyForDeploymentPostprocessing = 0;
			shellPath = /bin/sh;
			shellScript = "diff \"${PODS_ROOT}/../Podfile.lock\" \"${PODS_ROOT}/Manifest.lock\" > /dev/null\nif [ $? != 0 ] ; then\n    # print error to STDERR\n    echo \"error: The sandbox is not in sync with the Podfile.lock. Run 'pod install' or update your CocoaPods installation.\" >&2\n    exit 1\nfi\n";
			showEnvVarsInLog = 0;
		};
		E59B8D094D4F51161DE40A6B /* [CP] Copy Pods Resources */ = {
			isa = PBXShellScriptBuildPhase;
			buildActionMask = 2147483647;
			files = (
			);
			inputPaths = (
			);
			name = "[CP] Copy Pods Resources";
			outputPaths = (
			);
			runOnlyForDeploymentPostprocessing = 0;
			shellPath = /bin/sh;
			shellScript = "\"${SRCROOT}/Pods/Target Support Files/Pods-FHGoogleiOSClientUITests/Pods-FHGoogleiOSClientUITests-resources.sh\"\n";
			showEnvVarsInLog = 0;
		};
		E71CA6129A6AEA15AF1EB924 /* [CP] Check Pods Manifest.lock */ = {
			isa = PBXShellScriptBuildPhase;
			buildActionMask = 2147483647;
			files = (
			);
			inputPaths = (
			);
			name = "[CP] Check Pods Manifest.lock";
			outputPaths = (
			);
			runOnlyForDeploymentPostprocessing = 0;
			shellPath = /bin/sh;
			shellScript = "diff \"${PODS_ROOT}/../Podfile.lock\" \"${PODS_ROOT}/Manifest.lock\" > /dev/null\nif [ $? != 0 ] ; then\n    # print error to STDERR\n    echo \"error: The sandbox is not in sync with the Podfile.lock. Run 'pod install' or update your CocoaPods installation.\" >&2\n    exit 1\nfi\n";
			showEnvVarsInLog = 0;
		};
		ED4F1A42B839C9A679A1C7D5 /* [CP] Embed Pods Frameworks */ = {
			isa = PBXShellScriptBuildPhase;
			buildActionMask = 2147483647;
			files = (
			);
			inputPaths = (
			);
			name = "[CP] Embed Pods Frameworks";
			outputPaths = (
			);
			runOnlyForDeploymentPostprocessing = 0;
			shellPath = /bin/sh;
			shellScript = "\"${SRCROOT}/Pods/Target Support Files/Pods-FHGoogleiOSClient/Pods-FHGoogleiOSClient-frameworks.sh\"\n";
			showEnvVarsInLog = 0;
		};
		F83E47C0619921932BEA752B /* [CP] Embed Pods Frameworks */ = {
			isa = PBXShellScriptBuildPhase;
			buildActionMask = 2147483647;
			files = (
			);
			inputPaths = (
			);
			name = "[CP] Embed Pods Frameworks";
			outputPaths = (
			);
			runOnlyForDeploymentPostprocessing = 0;
			shellPath = /bin/sh;
			shellScript = "\"${SRCROOT}/Pods/Target Support Files/Pods-FHGoogleiOSClientUITests/Pods-FHGoogleiOSClientUITests-frameworks.sh\"\n";
			showEnvVarsInLog = 0;
		};
		FD6EBA5FD4D9114D97DB2D58 /* [CP] Copy Pods Resources */ = {
			isa = PBXShellScriptBuildPhase;
			buildActionMask = 2147483647;
			files = (
			);
			inputPaths = (
			);
			name = "[CP] Copy Pods Resources";
			outputPaths = (
			);
			runOnlyForDeploymentPostprocessing = 0;
			shellPath = /bin/sh;
			shellScript = "\"${SRCROOT}/Pods/Target Support Files/Pods-FHGoogleiOSClient/Pods-FHGoogleiOSClient-resources.sh\"\n";
			showEnvVarsInLog = 0;
		};
/* End PBXShellScriptBuildPhase section */

/* Begin PBXSourcesBuildPhase section */
		0970AA801EC99A3200404D54 /* Sources */ = {
			isa = PBXSourcesBuildPhase;
			buildActionMask = 2147483647;
			files = (
				0970AA8F1EC99A3200404D54 /* ViewController.m in Sources */,
				0970AA8C1EC99A3200404D54 /* AppDelegate.m in Sources */,
				0970AA891EC99A3200404D54 /* main.m in Sources */,
				0970AAE61ECAC1E600404D54 /* FHGoogleLoginViewController.m in Sources */,
			);
			runOnlyForDeploymentPostprocessing = 0;
		};
		0970AA991EC99A3200404D54 /* Sources */ = {
			isa = PBXSourcesBuildPhase;
			buildActionMask = 2147483647;
			files = (
				0970AAA21EC99A3200404D54 /* FHGoogleiOSClientTests.m in Sources */,
			);
			runOnlyForDeploymentPostprocessing = 0;
		};
		0970AAA41EC99A3200404D54 /* Sources */ = {
			isa = PBXSourcesBuildPhase;
			buildActionMask = 2147483647;
			files = (
				0970AAAD1EC99A3200404D54 /* FHGoogleiOSClientUITests.m in Sources */,
			);
			runOnlyForDeploymentPostprocessing = 0;
		};
/* End PBXSourcesBuildPhase section */

/* Begin PBXTargetDependency section */
		0970AA9F1EC99A3200404D54 /* PBXTargetDependency */ = {
			isa = PBXTargetDependency;
			target = 0970AA831EC99A3200404D54 /* FHGoogleiOSClient */;
			targetProxy = 0970AA9E1EC99A3200404D54 /* PBXContainerItemProxy */;
		};
		0970AAAA1EC99A3200404D54 /* PBXTargetDependency */ = {
			isa = PBXTargetDependency;
			target = 0970AA831EC99A3200404D54 /* FHGoogleiOSClient */;
			targetProxy = 0970AAA91EC99A3200404D54 /* PBXContainerItemProxy */;
		};
/* End PBXTargetDependency section */

/* Begin PBXVariantGroup section */
		0970AA901EC99A3200404D54 /* Main.storyboard */ = {
			isa = PBXVariantGroup;
			children = (
				0970AA911EC99A3200404D54 /* Base */,
			);
			name = Main.storyboard;
			sourceTree = "<group>";
		};
		0970AA951EC99A3200404D54 /* LaunchScreen.storyboard */ = {
			isa = PBXVariantGroup;
			children = (
				0970AA961EC99A3200404D54 /* Base */,
			);
			name = LaunchScreen.storyboard;
			sourceTree = "<group>";
		};
/* End PBXVariantGroup section */

/* Begin XCBuildConfiguration section */
		0970AAAF1EC99A3200404D54 /* Debug */ = {
			isa = XCBuildConfiguration;
			buildSettings = {
				ALWAYS_SEARCH_USER_PATHS = NO;
				CLANG_ANALYZER_NONNULL = YES;
				CLANG_ANALYZER_NUMBER_OBJECT_CONVERSION = YES_AGGRESSIVE;
				CLANG_CXX_LANGUAGE_STANDARD = "gnu++0x";
				CLANG_CXX_LIBRARY = "libc++";
				CLANG_ENABLE_MODULES = YES;
				CLANG_ENABLE_OBJC_ARC = YES;
				CLANG_WARN_BOOL_CONVERSION = YES;
				CLANG_WARN_CONSTANT_CONVERSION = YES;
				CLANG_WARN_DIRECT_OBJC_ISA_USAGE = YES_ERROR;
				CLANG_WARN_DOCUMENTATION_COMMENTS = YES;
				CLANG_WARN_EMPTY_BODY = YES;
				CLANG_WARN_ENUM_CONVERSION = YES;
				CLANG_WARN_INFINITE_RECURSION = YES;
				CLANG_WARN_INT_CONVERSION = YES;
				CLANG_WARN_OBJC_ROOT_CLASS = YES_ERROR;
				CLANG_WARN_SUSPICIOUS_MOVE = YES;
				CLANG_WARN_UNREACHABLE_CODE = YES;
				CLANG_WARN__DUPLICATE_METHOD_MATCH = YES;
				"CODE_SIGN_IDENTITY[sdk=iphoneos*]" = "iPhone Developer";
				COPY_PHASE_STRIP = NO;
				DEBUG_INFORMATION_FORMAT = dwarf;
				ENABLE_STRICT_OBJC_MSGSEND = YES;
				ENABLE_TESTABILITY = YES;
				GCC_C_LANGUAGE_STANDARD = gnu99;
				GCC_DYNAMIC_NO_PIC = NO;
				GCC_NO_COMMON_BLOCKS = YES;
				GCC_OPTIMIZATION_LEVEL = 0;
				GCC_PREPROCESSOR_DEFINITIONS = (
					"DEBUG=1",
					"$(inherited)",
				);
				GCC_WARN_64_TO_32_BIT_CONVERSION = YES;
				GCC_WARN_ABOUT_RETURN_TYPE = YES_ERROR;
				GCC_WARN_UNDECLARED_SELECTOR = YES;
				GCC_WARN_UNINITIALIZED_AUTOS = YES_AGGRESSIVE;
				GCC_WARN_UNUSED_FUNCTION = YES;
				GCC_WARN_UNUSED_VARIABLE = YES;
				IPHONEOS_DEPLOYMENT_TARGET = 10.3;
				MTL_ENABLE_DEBUG_INFO = YES;
				ONLY_ACTIVE_ARCH = YES;
				SDKROOT = iphoneos;
				TARGETED_DEVICE_FAMILY = "1,2";
			};
			name = Debug;
		};
		0970AAB01EC99A3200404D54 /* Release */ = {
			isa = XCBuildConfiguration;
			buildSettings = {
				ALWAYS_SEARCH_USER_PATHS = NO;
				CLANG_ANALYZER_NONNULL = YES;
				CLANG_ANALYZER_NUMBER_OBJECT_CONVERSION = YES_AGGRESSIVE;
				CLANG_CXX_LANGUAGE_STANDARD = "gnu++0x";
				CLANG_CXX_LIBRARY = "libc++";
				CLANG_ENABLE_MODULES = YES;
				CLANG_ENABLE_OBJC_ARC = YES;
				CLANG_WARN_BOOL_CONVERSION = YES;
				CLANG_WARN_CONSTANT_CONVERSION = YES;
				CLANG_WARN_DIRECT_OBJC_ISA_USAGE = YES_ERROR;
				CLANG_WARN_DOCUMENTATION_COMMENTS = YES;
				CLANG_WARN_EMPTY_BODY = YES;
				CLANG_WARN_ENUM_CONVERSION = YES;
				CLANG_WARN_INFINITE_RECURSION = YES;
				CLANG_WARN_INT_CONVERSION = YES;
				CLANG_WARN_OBJC_ROOT_CLASS = YES_ERROR;
				CLANG_WARN_SUSPICIOUS_MOVE = YES;
				CLANG_WARN_UNREACHABLE_CODE = YES;
				CLANG_WARN__DUPLICATE_METHOD_MATCH = YES;
				"CODE_SIGN_IDENTITY[sdk=iphoneos*]" = "iPhone Developer";
				COPY_PHASE_STRIP = NO;
				DEBUG_INFORMATION_FORMAT = "dwarf-with-dsym";
				ENABLE_NS_ASSERTIONS = NO;
				ENABLE_STRICT_OBJC_MSGSEND = YES;
				GCC_C_LANGUAGE_STANDARD = gnu99;
				GCC_NO_COMMON_BLOCKS = YES;
				GCC_WARN_64_TO_32_BIT_CONVERSION = YES;
				GCC_WARN_ABOUT_RETURN_TYPE = YES_ERROR;
				GCC_WARN_UNDECLARED_SELECTOR = YES;
				GCC_WARN_UNINITIALIZED_AUTOS = YES_AGGRESSIVE;
				GCC_WARN_UNUSED_FUNCTION = YES;
				GCC_WARN_UNUSED_VARIABLE = YES;
				IPHONEOS_DEPLOYMENT_TARGET = 10.3;
				MTL_ENABLE_DEBUG_INFO = NO;
				SDKROOT = iphoneos;
				TARGETED_DEVICE_FAMILY = "1,2";
				VALIDATE_PRODUCT = YES;
			};
			name = Release;
		};
		0970AAB21EC99A3200404D54 /* Debug */ = {
			isa = XCBuildConfiguration;
			baseConfigurationReference = EF19F5455AEE7E3EA6308703 /* Pods-FHGoogleiOSClient.debug.xcconfig */;
			buildSettings = {
				ASSETCATALOG_COMPILER_APPICON_NAME = AppIcon;
				DEVELOPMENT_TEAM = H3MEX3W3VV;
				INFOPLIST_FILE = FHGoogleiOSClient/Info.plist;
				LD_RUNPATH_SEARCH_PATHS = "$(inherited) @executable_path/Frameworks";
				PRODUCT_BUNDLE_IDENTIFIER = MADAO.FHGoogleiOSClient;
				PRODUCT_NAME = "$(TARGET_NAME)";
			};
			name = Debug;
		};
		0970AAB31EC99A3200404D54 /* Release */ = {
			isa = XCBuildConfiguration;
			baseConfigurationReference = F9C7ED79369C039E9B9A84A8 /* Pods-FHGoogleiOSClient.release.xcconfig */;
			buildSettings = {
				ASSETCATALOG_COMPILER_APPICON_NAME = AppIcon;
				DEVELOPMENT_TEAM = H3MEX3W3VV;
				INFOPLIST_FILE = FHGoogleiOSClient/Info.plist;
				LD_RUNPATH_SEARCH_PATHS = "$(inherited) @executable_path/Frameworks";
				PRODUCT_BUNDLE_IDENTIFIER = MADAO.FHGoogleiOSClient;
				PRODUCT_NAME = "$(TARGET_NAME)";
			};
			name = Release;
		};
		0970AAB51EC99A3200404D54 /* Debug */ = {
			isa = XCBuildConfiguration;
			baseConfigurationReference = 591C9CB66F571DE2A271A3A5 /* Pods-FHGoogleiOSClientTests.debug.xcconfig */;
			buildSettings = {
				BUNDLE_LOADER = "$(TEST_HOST)";
				DEVELOPMENT_TEAM = H3MEX3W3VV;
				INFOPLIST_FILE = FHGoogleiOSClientTests/Info.plist;
				LD_RUNPATH_SEARCH_PATHS = "$(inherited) @executable_path/Frameworks @loader_path/Frameworks";
				PRODUCT_BUNDLE_IDENTIFIER = MADAO.FHGoogleiOSClientTests;
				PRODUCT_NAME = "$(TARGET_NAME)";
				TEST_HOST = "$(BUILT_PRODUCTS_DIR)/FHGoogleiOSClient.app/FHGoogleiOSClient";
			};
			name = Debug;
		};
		0970AAB61EC99A3200404D54 /* Release */ = {
			isa = XCBuildConfiguration;
			baseConfigurationReference = 6C75F5713A74BDD9D01A78F0 /* Pods-FHGoogleiOSClientTests.release.xcconfig */;
			buildSettings = {
				BUNDLE_LOADER = "$(TEST_HOST)";
				DEVELOPMENT_TEAM = H3MEX3W3VV;
				INFOPLIST_FILE = FHGoogleiOSClientTests/Info.plist;
				LD_RUNPATH_SEARCH_PATHS = "$(inherited) @executable_path/Frameworks @loader_path/Frameworks";
				PRODUCT_BUNDLE_IDENTIFIER = MADAO.FHGoogleiOSClientTests;
				PRODUCT_NAME = "$(TARGET_NAME)";
				TEST_HOST = "$(BUILT_PRODUCTS_DIR)/FHGoogleiOSClient.app/FHGoogleiOSClient";
			};
			name = Release;
		};
		0970AAB81EC99A3200404D54 /* Debug */ = {
			isa = XCBuildConfiguration;
			baseConfigurationReference = 126C4E086F90EF2CB1134473 /* Pods-FHGoogleiOSClientUITests.debug.xcconfig */;
			buildSettings = {
				DEVELOPMENT_TEAM = H3MEX3W3VV;
				INFOPLIST_FILE = FHGoogleiOSClientUITests/Info.plist;
				LD_RUNPATH_SEARCH_PATHS = "$(inherited) @executable_path/Frameworks @loader_path/Frameworks";
				PRODUCT_BUNDLE_IDENTIFIER = MADAO.FHGoogleiOSClientUITests;
				PRODUCT_NAME = "$(TARGET_NAME)";
				TEST_TARGET_NAME = FHGoogleiOSClient;
			};
			name = Debug;
		};
		0970AAB91EC99A3200404D54 /* Release */ = {
			isa = XCBuildConfiguration;
			baseConfigurationReference = EEDB9EE81330FBEE553AF762 /* Pods-FHGoogleiOSClientUITests.release.xcconfig */;
			buildSettings = {
				DEVELOPMENT_TEAM = H3MEX3W3VV;
				INFOPLIST_FILE = FHGoogleiOSClientUITests/Info.plist;
				LD_RUNPATH_SEARCH_PATHS = "$(inherited) @executable_path/Frameworks @loader_path/Frameworks";
				PRODUCT_BUNDLE_IDENTIFIER = MADAO.FHGoogleiOSClientUITests;
				PRODUCT_NAME = "$(TARGET_NAME)";
				TEST_TARGET_NAME = FHGoogleiOSClient;
			};
			name = Release;
		};
/* End XCBuildConfiguration section */

/* Begin XCConfigurationList section */
		0970AA7F1EC99A3200404D54 /* Build configuration list for PBXProject "FHGoogleiOSClient" */ = {
			isa = XCConfigurationList;
			buildConfigurations = (
				0970AAAF1EC99A3200404D54 /* Debug */,
				0970AAB01EC99A3200404D54 /* Release */,
			);
			defaultConfigurationIsVisible = 0;
			defaultConfigurationName = Release;
		};
		0970AAB11EC99A3200404D54 /* Build configuration list for PBXNativeTarget "FHGoogleiOSClient" */ = {
			isa = XCConfigurationList;
			buildConfigurations = (
				0970AAB21EC99A3200404D54 /* Debug */,
				0970AAB31EC99A3200404D54 /* Release */,
			);
			defaultConfigurationIsVisible = 0;
			defaultConfigurationName = Release;
		};
		0970AAB41EC99A3200404D54 /* Build configuration list for PBXNativeTarget "FHGoogleiOSClientTests" */ = {
			isa = XCConfigurationList;
			buildConfigurations = (
				0970AAB51EC99A3200404D54 /* Debug */,
				0970AAB61EC99A3200404D54 /* Release */,
			);
			defaultConfigurationIsVisible = 0;
			defaultConfigurationName = Release;
		};
		0970AAB71EC99A3200404D54 /* Build configuration list for PBXNativeTarget "FHGoogleiOSClientUITests" */ = {
			isa = XCConfigurationList;
			buildConfigurations = (
				0970AAB81EC99A3200404D54 /* Debug */,
				0970AAB91EC99A3200404D54 /* Release */,
			);
			defaultConfigurationIsVisible = 0;
			defaultConfigurationName = Release;
		};
/* End XCConfigurationList section */
	};
	rootObject = 0970AA7C1EC99A3200404D54 /* Project object */;
}
